{
  "name": "vite-comics",
  "lockfileVersion": 3,
  "requires": true,
  "packages": {
    "": {
      "dependencies": {
        "@fontsource/oswald": "^4.5.12"
      }
    },
    "node_modules/@fontsource/oswald": {
      "version": "4.5.12",
      "resolved": "https://registry.npmjs.org/@fontsource/oswald/-/oswald-4.5.12.tgz",
      "integrity": "sha512-UAduJgOpCQzf+SnuatQ7ANWRIGPD2GXh3CfvJ4YTlbhGM0bQYCwHL/5u+YFjZzidBMXspzV/k33PPxwOrmuaew=="
    }
  }
}
